{
    "_meta": {
        "hash": {
            "sha256": "8ceead135ee6991bd49b68802a159c7b7d7cfe2f2218d7a71d7a5d55b1d4cd6e"
        },
        "pipfile-spec": 6,
        "requires": {
            "python_version": "3.12"
        },
        "sources": [
            {
                "name": "pypi",
                "url": "https://pypi.org/simple",
                "verify_ssl": true
            }
        ]
    },
    "default": {
        "pyperclip": {
            "hashes": [
                "sha256:244035963e4428530d9e3a6101a1ef97209c6825edab1567beac148ccc1db1b6",
                "sha256:299403e9ff44581cb9ba2ffeed69c7aa96a008622ad0c46cb575ca75b5b84273"
            ],
            "index": "pypi",
            "version": "==1.11.0"
        }
    },
    "develop": {}
}
